
Microsoft Visual Studio Solution File, Format Version 12.00
# Visual Studio Version 17
VisualStudioVersion = 17.5.33530.505
MinimumVisualStudioVersion = 10.0.40219.1
Project("{FAE04EC0-301F-11D3-BF4B-00C04F79EFBC}") = "Client", "Client\Client.csproj", "{77C6BF38-1019-4BF4-8A69-6C187D2F3B52}"
EndProject
Project("{FAE04EC0-301F-11D3-BF4B-00C04F79EFBC}") = "Server", "Server\Server.csproj", "{BC709D48-EFF4-4E0B-9EBF-2D6485D2A857}"
EndProject
Global
	GlobalSection(SolutionConfigurationPlatforms) = preSolution
		Debug|Any CPU = Debug|Any CPU
		Release|Any CPU = Release|Any CPU
	EndGlobalSection
	GlobalSection(ProjectConfigurationPlatforms) = postSolution
		{77C6BF38-1019-4BF4-8A69-6C187D2F3B52}.Debug|Any CPU.ActiveCfg = Debug|Any CPU
		{77C6BF38-1019-4BF4-8A69-6C187D2F3B52}.Debug|Any CPU.Build.0 = Debug|Any CPU
		{77C6BF38-1019-4BF4-8A69-6C187D2F3B52}.Release|Any CPU.ActiveCfg = Release|Any CPU
		{77C6BF38-1019-4BF4-8A69-6C187D2F3B52}.Release|Any CPU.Build.0 = Release|Any CPU
		{BC709D48-EFF4-4E0B-9EBF-2D6485D2A857}.Debug|Any CPU.ActiveCfg = Debug|Any CPU
		{BC709D48-EFF4-4E0B-9EBF-2D6485D2A857}.Debug|Any CPU.Build.0 = Debug|Any CPU
		{BC709D48-EFF4-4E0B-9EBF-2D6485D2A857}.Release|Any CPU.ActiveCfg = Release|Any CPU
		{BC709D48-EFF4-4E0B-9EBF-2D6485D2A857}.Release|Any CPU.Build.0 = Release|Any CPU
	EndGlobalSection
	GlobalSection(SolutionProperties) = preSolution
		HideSolutionNode = FALSE
	EndGlobalSection
	GlobalSection(ExtensibilityGlobals) = postSolution
		SolutionGuid = {94DF8F2D-ABE5-4ED0-A283-3CE10F20B79F}
	EndGlobalSection
EndGlobal
